
Microsoft Visual Studio Solution File, Format Version 12.00
# Visual Studio 15
Project("{FAE04EC0-301F-11D3-BF4B-00C04F79EFBC}") = "Assembly-CSharp", "Assembly-CSharp.csproj", "{0F0D22FC-B002-796C-89D1-054818B5AFF9}"
EndProject
Project("{FAE04EC0-301F-11D3-BF4B-00C04F79EFBC}") = "Assembly-CSharp-Editor", "Assembly-CSharp-Editor.csproj", "{6AD215FD-B794-BF70-9FDA-B0F53D009C7F}"
EndProject
Global
	GlobalSection(SolutionConfigurationPlatforms) = preSolution
		Debug|Any CPU = Debug|Any CPU
		Release|Any CPU = Release|Any CPU
	EndGlobalSection
	GlobalSection(ProjectConfigurationPlatforms) = postSolution
		{0F0D22FC-B002-796C-89D1-054818B5AFF9}.Debug|Any CPU.ActiveCfg = Debug|Any CPU
		{0F0D22FC-B002-796C-89D1-054818B5AFF9}.Debug|Any CPU.Build.0 = Debug|Any CPU
		{0F0D22FC-B002-796C-89D1-054818B5AFF9}.Release|Any CPU.ActiveCfg = Release|Any CPU
		{0F0D22FC-B002-796C-89D1-054818B5AFF9}.Release|Any CPU.Build.0 = Release|Any CPU
		{6AD215FD-B794-BF70-9FDA-B0F53D009C7F}.Debug|Any CPU.ActiveCfg = Debug|Any CPU
		{6AD215FD-B794-BF70-9FDA-B0F53D009C7F}.Debug|Any CPU.Build.0 = Debug|Any CPU
		{6AD215FD-B794-BF70-9FDA-B0F53D009C7F}.Release|Any CPU.ActiveCfg = Release|Any CPU
		{6AD215FD-B794-BF70-9FDA-B0F53D009C7F}.Release|Any CPU.Build.0 = Release|Any CPU
	EndGlobalSection
	GlobalSection(SolutionProperties) = preSolution
		HideSolutionNode = FALSE
	EndGlobalSection
EndGlobal
